
Microsoft Visual Studio Solution File, Format Version 12.00
# Visual Studio Version 16
VisualStudioVersion = 16.0.30128.74
MinimumVisualStudioVersion = 10.0.40219.1
Project("{FAE04EC0-301F-11D3-BF4B-00C04F79EFBC}") = "CarQuote", "CarQuote\CarQuote.csproj", "{19A55623-6215-4382-AD2B-4B32F2BFD5A2}"
EndProject
Project("{FAE04EC0-301F-11D3-BF4B-00C04F79EFBC}") = "CarQuote.Tests", "CarQuote.Tests\CarQuote.Tests.csproj", "{F8598965-7042-45BD-857F-252C3E282FC0}"
EndProject
Global
	GlobalSection(SolutionConfigurationPlatforms) = preSolution
		Debug|Any CPU = Debug|Any CPU
		Release|Any CPU = Release|Any CPU
	EndGlobalSection
	GlobalSection(ProjectConfigurationPlatforms) = postSolution
		{19A55623-6215-4382-AD2B-4B32F2BFD5A2}.Debug|Any CPU.ActiveCfg = Debug|Any CPU
		{19A55623-6215-4382-AD2B-4B32F2BFD5A2}.Debug|Any CPU.Build.0 = Debug|Any CPU
		{19A55623-6215-4382-AD2B-4B32F2BFD5A2}.Release|Any CPU.ActiveCfg = Release|Any CPU
		{19A55623-6215-4382-AD2B-4B32F2BFD5A2}.Release|Any CPU.Build.0 = Release|Any CPU
		{F8598965-7042-45BD-857F-252C3E282FC0}.Debug|Any CPU.ActiveCfg = Debug|Any CPU
		{F8598965-7042-45BD-857F-252C3E282FC0}.Debug|Any CPU.Build.0 = Debug|Any CPU
		{F8598965-7042-45BD-857F-252C3E282FC0}.Release|Any CPU.ActiveCfg = Release|Any CPU
		{F8598965-7042-45BD-857F-252C3E282FC0}.Release|Any CPU.Build.0 = Release|Any CPU
	EndGlobalSection
	GlobalSection(SolutionProperties) = preSolution
		HideSolutionNode = FALSE
	EndGlobalSection
	GlobalSection(ExtensibilityGlobals) = postSolution
		SolutionGuid = {7E085AD1-CE17-4000-90E4-43A15BD9FE45}
	EndGlobalSection
EndGlobal
